
Microsoft Visual Studio Solution File, Format Version 12.00
# Visual Studio 2013
VisualStudioVersion = 12.0.30723.0
MinimumVisualStudioVersion = 10.0.40219.1
Project("{FAE04EC0-301F-11D3-BF4B-00C04F79EFBC}") = "DataGridExtensions", "DataGridExtensions\DataGridExtensions.csproj", "{393C28BB-DB90-40E8-B1A3-741D8B99BA39}"
EndProject
Project("{FAE04EC0-301F-11D3-BF4B-00C04F79EFBC}") = "DataGridExtensionsSample", "DataGridExtensionsSample\DataGridExtensionsSample.csproj", "{977C4FEE-4F44-4F64-803B-3F7350F3A487}"
EndProject
Project("{2150E333-8FDC-42A3-9474-1A3956D46DE8}") = "Solution Items", "Solution Items", "{DB86BFBB-CA2E-425D-BA83-9ABA746813EC}"
	ProjectSection(SolutionItems) = preProject
		CodeContracts.ruleset = CodeContracts.ruleset
		CustomDictionary.xml = CustomDictionary.xml
		DataGridExtensions\ReleaseNotes.txt = DataGridExtensions\ReleaseNotes.txt
	EndProjectSection
EndProject
Global
	GlobalSection(TeamFoundationVersionControl) = preSolution
		SccNumberOfProjects = 3
		SccEnterpriseProvider = {4CA58AB2-18FA-4F8D-95D4-32DDF27D184C}
		SccTeamFoundationServer = https://tfs.codeplex.com/tfs/tfs36
		SccLocalPath0 = .
		SccProjectUniqueName1 = DataGridExtensions\\DataGridExtensions.csproj
		SccProjectName1 = DataGridExtensions
		SccLocalPath1 = DataGridExtensions
		SccProjectUniqueName2 = DataGridExtensionsSample\\DataGridExtensionsSample.csproj
		SccProjectName2 = DataGridExtensionsSample
		SccLocalPath2 = DataGridExtensionsSample
	EndGlobalSection
	GlobalSection(SolutionConfigurationPlatforms) = preSolution
		Debug|Any CPU = Debug|Any CPU
		Release|Any CPU = Release|Any CPU
	EndGlobalSection
	GlobalSection(ProjectConfigurationPlatforms) = postSolution
		{393C28BB-DB90-40E8-B1A3-741D8B99BA39}.Debug|Any CPU.ActiveCfg = Debug|Any CPU
		{393C28BB-DB90-40E8-B1A3-741D8B99BA39}.Debug|Any CPU.Build.0 = Debug|Any CPU
		{393C28BB-DB90-40E8-B1A3-741D8B99BA39}.Release|Any CPU.ActiveCfg = Release|Any CPU
		{393C28BB-DB90-40E8-B1A3-741D8B99BA39}.Release|Any CPU.Build.0 = Release|Any CPU
		{977C4FEE-4F44-4F64-803B-3F7350F3A487}.Debug|Any CPU.ActiveCfg = Debug|Any CPU
		{977C4FEE-4F44-4F64-803B-3F7350F3A487}.Debug|Any CPU.Build.0 = Debug|Any CPU
		{977C4FEE-4F44-4F64-803B-3F7350F3A487}.Release|Any CPU.ActiveCfg = Release|Any CPU
		{977C4FEE-4F44-4F64-803B-3F7350F3A487}.Release|Any CPU.Build.0 = Release|Any CPU
	EndGlobalSection
	GlobalSection(SolutionProperties) = preSolution
		HideSolutionNode = FALSE
	EndGlobalSection
EndGlobal
